# This file is automatically @generated by Cargo.
# It is not intended for manual editing.
[[package]]
name = "buddy_system_allocator"
version = "0.3.9"
source = "registry+https://github.com/rust-lang/crates.io-index"
checksum = "9e953b958d83e13a44b1ead5b6aaa2a5f854bd5170239a66b606e030a14d018f"
dependencies = [
 "rustversion",
 "spin",
]

[[package]]
name = "proc-macro2"
version = "1.0.19"
source = "registry+https://github.com/rust-lang/crates.io-index"
checksum = "04f5f085b5d71e2188cb8271e5da0161ad52c3f227a661a3c135fdf28e258b12"
dependencies = [
 "unicode-xid",
]

[[package]]
name = "quote"
version = "1.0.7"
source = "registry+https://github.com/rust-lang/crates.io-index"
checksum = "aa563d17ecb180e500da1cfd2b028310ac758de548efdd203e18f283af693f37"
dependencies = [
 "proc-macro2",
]

[[package]]
name = "rustversion"
version = "1.0.3"
source = "registry+https://github.com/rust-lang/crates.io-index"
checksum = "b9bdc5e856e51e685846fb6c13a1f5e5432946c2c90501bdc76a1319f19e29da"
dependencies = [
 "proc-macro2",
 "quote",
 "syn",
]

[[package]]
name = "spin"
version = "0.5.2"
source = "registry+https://github.com/rust-lang/crates.io-index"
checksum = "6e63cff320ae2c57904679ba7cb63280a3dc4613885beafb148ee7bf9aa9042d"

[[package]]
name = "syn"
version = "1.0.34"
source = "registry+https://github.com/rust-lang/crates.io-index"
checksum = "936cae2873c940d92e697597c5eee105fb570cd5689c695806f672883653349b"
dependencies = [
 "proc-macro2",
 "quote",
 "unicode-xid",
]

[[package]]
name = "unicode-xid"
version = "0.2.1"
source = "registry+https://github.com/rust-lang/crates.io-index"
checksum = "f7fe0bb3479651439c9112f72b6c505038574c9fbb575ed1bf3b797fa39dd564"

[[package]]
name = "user_lib"
version = "0.1.0"
dependencies = [
 "buddy_system_allocator",
]
