# This file is automatically @generated by Cargo.
# It is not intended for manual editing.
[[package]]
name = "algorithm"
version = "0.1.0"
dependencies = [
 "bit_field",
]

[[package]]
name = "bit_field"
version = "0.10.0"
source = "registry+https://github.com/rust-lang/crates.io-index"
checksum = "a165d606cf084741d4ac3a28fb6e9b1eb0bd31f6cd999098cfddb0b2ab381dc0"
